
Microsoft Visual Studio Solution File, Format Version 12.00
# Visual Studio Version 17
VisualStudioVersion = 17.14.36414.22 d17.14
MinimumVisualStudioVersion = 10.0.40219.1
Project("{FAE04EC0-301F-11D3-BF4B-00C04F79EFBC}") = "Convertirromanos", "Convertirromanos.csproj", "{D1F44434-989A-4F45-8DFF-FFCDD495B2A1}"
EndProject
Global
	GlobalSection(SolutionConfigurationPlatforms) = preSolution
		Debug|Any CPU = Debug|Any CPU
		Release|Any CPU = Release|Any CPU
	EndGlobalSection
	GlobalSection(ProjectConfigurationPlatforms) = postSolution
		{D1F44434-989A-4F45-8DFF-FFCDD495B2A1}.Debug|Any CPU.ActiveCfg = Debug|Any CPU
		{D1F44434-989A-4F45-8DFF-FFCDD495B2A1}.Debug|Any CPU.Build.0 = Debug|Any CPU
		{D1F44434-989A-4F45-8DFF-FFCDD495B2A1}.Release|Any CPU.ActiveCfg = Release|Any CPU
		{D1F44434-989A-4F45-8DFF-FFCDD495B2A1}.Release|Any CPU.Build.0 = Release|Any CPU
	EndGlobalSection
	GlobalSection(SolutionProperties) = preSolution
		HideSolutionNode = FALSE
	EndGlobalSection
	GlobalSection(ExtensibilityGlobals) = postSolution
		SolutionGuid = {D539D867-0857-4D98-AF1A-696A7D71390D}
	EndGlobalSection
EndGlobal
